// !$*UTF8*$!
{
	archiveVersion = 1;
	classes = {
	};
	objectVersion = 56;
	objects = {

/* Begin PBXBuildFile section */
		646F4ADA2C200B3400F11FAA /* FBAuthProvider.swift in Sources */ = {isa = PBXBuildFile; fileRef = 646F4AD92C200B3400F11FAA /* FBAuthProvider.swift */; };
		6483531E2C1ABFCF009B4C9B /* AuthProvider.swift in Sources */ = {isa = PBXBuildFile; fileRef = 6483531D2C1ABFCF009B4C9B /* AuthProvider.swift */; };
		648353202C1ACA0F009B4C9B /* User.swift in Sources */ = {isa = PBXBuildFile; fileRef = 6483531F2C1ACA0F009B4C9B /* User.swift */; };
		648353282C1AD53F009B4C9B /* GoogleSignIn in Frameworks */ = {isa = PBXBuildFile; productRef = 648353272C1AD53F009B4C9B /* GoogleSignIn */; };
		6483532A2C1AD53F009B4C9B /* GoogleSignInSwift in Frameworks */ = {isa = PBXBuildFile; productRef = 648353292C1AD53F009B4C9B /* GoogleSignInSwift */; };
		6483532D2C1ADD48009B4C9B /* GSAuthProvider.swift in Sources */ = {isa = PBXBuildFile; fileRef = 6483532C2C1ADD48009B4C9B /* GSAuthProvider.swift */; };
		648353312C1AE7BF009B4C9B /* LoginViewModel.swift in Sources */ = {isa = PBXBuildFile; fileRef = 648353302C1AE7BF009B4C9B /* LoginViewModel.swift */; };
		648353342C1AE9BD009B4C9B /* LogoutProvider.swift in Sources */ = {isa = PBXBuildFile; fileRef = 648353332C1AE9BD009B4C9B /* LogoutProvider.swift */; };
		648353362C1BDECA009B4C9B /* MainTabBarController.swift in Sources */ = {isa = PBXBuildFile; fileRef = 648353352C1BDECA009B4C9B /* MainTabBarController.swift */; };
		6483533B2C1C0EFD009B4C9B /* FacebookLogin in Frameworks */ = {isa = PBXBuildFile; productRef = 6483533A2C1C0EFD009B4C9B /* FacebookLogin */; };
		64D264AF2C21259F00A180D6 /* FacebookUserMapper.swift in Sources */ = {isa = PBXBuildFile; fileRef = 64D264AE2C21259F00A180D6 /* FacebookUserMapper.swift */; };
		64D264B12C212E2500A180D6 /* MemberViewController.swift in Sources */ = {isa = PBXBuildFile; fileRef = 64D264B02C212E2500A180D6 /* MemberViewController.swift */; };
		64D264B72C24007C00A180D6 /* UserDataModel.xcdatamodeld in Sources */ = {isa = PBXBuildFile; fileRef = 64D264B52C24007C00A180D6 /* UserDataModel.xcdatamodeld */; };
		64D264BA2C2405B500A180D6 /* ManagedUser.swift in Sources */ = {isa = PBXBuildFile; fileRef = 64D264B92C2405B500A180D6 /* ManagedUser.swift */; };
		64EB52F52C1A958F0043D5E6 /* AppDelegate.swift in Sources */ = {isa = PBXBuildFile; fileRef = 64EB52F42C1A958F0043D5E6 /* AppDelegate.swift */; };
		64EB52F72C1A958F0043D5E6 /* SceneDelegate.swift in Sources */ = {isa = PBXBuildFile; fileRef = 64EB52F62C1A958F0043D5E6 /* SceneDelegate.swift */; };
		64EB52F92C1A958F0043D5E6 /* LoginViewController.swift in Sources */ = {isa = PBXBuildFile; fileRef = 64EB52F82C1A958F0043D5E6 /* LoginViewController.swift */; };
		64EB52FC2C1A958F0043D5E6 /* Base in Resources */ = {isa = PBXBuildFile; fileRef = 64EB52FB2C1A958F0043D5E6 /* Base */; };
		64EB52FE2C1A95900043D5E6 /* Assets.xcassets in Resources */ = {isa = PBXBuildFile; fileRef = 64EB52FD2C1A95900043D5E6 /* Assets.xcassets */; };
		64EB53012C1A95900043D5E6 /* Base in Resources */ = {isa = PBXBuildFile; fileRef = 64EB53002C1A95900043D5E6 /* Base */; };
		64EB530C2C1A95900043D5E6 /* CacheUserUseCaseTests.swift in Sources */ = {isa = PBXBuildFile; fileRef = 64EB530B2C1A95900043D5E6 /* CacheUserUseCaseTests.swift */; };
		64FCCC982C2BFA2800678F77 /* XCTTestCase+MemoryLeakTracking.swift in Sources */ = {isa = PBXBuildFile; fileRef = 64FCCC972C2BFA2800678F77 /* XCTTestCase+MemoryLeakTracking.swift */; };
		64FCCC9C2C2D510C00678F77 /* LocalUserLoader.swift in Sources */ = {isa = PBXBuildFile; fileRef = 64FCCC9B2C2D510C00678F77 /* LocalUserLoader.swift */; };
		64FCCC9E2C2D513600678F77 /* UserStore.swift in Sources */ = {isa = PBXBuildFile; fileRef = 64FCCC9D2C2D513600678F77 /* UserStore.swift */; };
		64FCCCA32C2E55EE00678F77 /* UserStoreSpy.swift in Sources */ = {isa = PBXBuildFile; fileRef = 64FCCCA22C2E55EE00678F77 /* UserStoreSpy.swift */; };
/* End PBXBuildFile section */

/* Begin PBXContainerItemProxy section */
		64EB53082C1A95900043D5E6 /* PBXContainerItemProxy */ = {
			isa = PBXContainerItemProxy;
			containerPortal = 64EB52E92C1A958F0043D5E6 /* Project object */;
			proxyType = 1;
			remoteGlobalIDString = 64EB52F02C1A958F0043D5E6;
			remoteInfo = FindFood;
		};
/* End PBXContainerItemProxy section */

/* Begin PBXFileReference section */
		646F4AD92C200B3400F11FAA /* FBAuthProvider.swift */ = {isa = PBXFileReference; lastKnownFileType = sourcecode.swift; path = FBAuthProvider.swift; sourceTree = "<group>"; };
		6483531D2C1ABFCF009B4C9B /* AuthProvider.swift */ = {isa = PBXFileReference; lastKnownFileType = sourcecode.swift; path = AuthProvider.swift; sourceTree = "<group>"; };
		6483531F2C1ACA0F009B4C9B /* User.swift */ = {isa = PBXFileReference; lastKnownFileType = sourcecode.swift; path = User.swift; sourceTree = "<group>"; };
		6483532C2C1ADD48009B4C9B /* GSAuthProvider.swift */ = {isa = PBXFileReference; lastKnownFileType = sourcecode.swift; path = GSAuthProvider.swift; sourceTree = "<group>"; };
		648353302C1AE7BF009B4C9B /* LoginViewModel.swift */ = {isa = PBXFileReference; lastKnownFileType = sourcecode.swift; path = LoginViewModel.swift; sourceTree = "<group>"; };
		648353332C1AE9BD009B4C9B /* LogoutProvider.swift */ = {isa = PBXFileReference; lastKnownFileType = sourcecode.swift; path = LogoutProvider.swift; sourceTree = "<group>"; };
		648353352C1BDECA009B4C9B /* MainTabBarController.swift */ = {isa = PBXFileReference; lastKnownFileType = sourcecode.swift; path = MainTabBarController.swift; sourceTree = "<group>"; };
		648353382C1C0E56009B4C9B /* FindFood.entitlements */ = {isa = PBXFileReference; lastKnownFileType = text.plist.entitlements; path = FindFood.entitlements; sourceTree = "<group>"; };
		64D264AE2C21259F00A180D6 /* FacebookUserMapper.swift */ = {isa = PBXFileReference; lastKnownFileType = sourcecode.swift; path = FacebookUserMapper.swift; sourceTree = "<group>"; };
		64D264B02C212E2500A180D6 /* MemberViewController.swift */ = {isa = PBXFileReference; lastKnownFileType = sourcecode.swift; path = MemberViewController.swift; sourceTree = "<group>"; };
		64D264B62C24007C00A180D6 /* UserDataModel.xcdatamodel */ = {isa = PBXFileReference; lastKnownFileType = wrapper.xcdatamodel; path = UserDataModel.xcdatamodel; sourceTree = "<group>"; };
		64D264B92C2405B500A180D6 /* ManagedUser.swift */ = {isa = PBXFileReference; lastKnownFileType = sourcecode.swift; path = ManagedUser.swift; sourceTree = "<group>"; };
		64EB52F12C1A958F0043D5E6 /* FindFood.app */ = {isa = PBXFileReference; explicitFileType = wrapper.application; includeInIndex = 0; path = FindFood.app; sourceTree = BUILT_PRODUCTS_DIR; };
		64EB52F42C1A958F0043D5E6 /* AppDelegate.swift */ = {isa = PBXFileReference; lastKnownFileType = sourcecode.swift; path = AppDelegate.swift; sourceTree = "<group>"; };
		64EB52F62C1A958F0043D5E6 /* SceneDelegate.swift */ = {isa = PBXFileReference; lastKnownFileType = sourcecode.swift; path = SceneDelegate.swift; sourceTree = "<group>"; };
		64EB52F82C1A958F0043D5E6 /* LoginViewController.swift */ = {isa = PBXFileReference; lastKnownFileType = sourcecode.swift; path = LoginViewController.swift; sourceTree = "<group>"; };
		64EB52FB2C1A958F0043D5E6 /* Base */ = {isa = PBXFileReference; lastKnownFileType = file.storyboard; name = Base; path = Base.lproj/Main.storyboard; sourceTree = "<group>"; };
		64EB52FD2C1A95900043D5E6 /* Assets.xcassets */ = {isa = PBXFileReference; lastKnownFileType = folder.assetcatalog; path = Assets.xcassets; sourceTree = "<group>"; };
		64EB53002C1A95900043D5E6 /* Base */ = {isa = PBXFileReference; lastKnownFileType = file.storyboard; name = Base; path = Base.lproj/LaunchScreen.storyboard; sourceTree = "<group>"; };
		64EB53022C1A95900043D5E6 /* Info.plist */ = {isa = PBXFileReference; lastKnownFileType = text.plist.xml; path = Info.plist; sourceTree = "<group>"; };
		64EB53072C1A95900043D5E6 /* FindFoodTests.xctest */ = {isa = PBXFileReference; explicitFileType = wrapper.cfbundle; includeInIndex = 0; path = FindFoodTests.xctest; sourceTree = BUILT_PRODUCTS_DIR; };
		64EB530B2C1A95900043D5E6 /* CacheUserUseCaseTests.swift */ = {isa = PBXFileReference; lastKnownFileType = sourcecode.swift; path = CacheUserUseCaseTests.swift; sourceTree = "<group>"; };
		64FCCC972C2BFA2800678F77 /* XCTTestCase+MemoryLeakTracking.swift */ = {isa = PBXFileReference; lastKnownFileType = sourcecode.swift; path = "XCTTestCase+MemoryLeakTracking.swift"; sourceTree = "<group>"; };
		64FCCC9B2C2D510C00678F77 /* LocalUserLoader.swift */ = {isa = PBXFileReference; lastKnownFileType = sourcecode.swift; path = LocalUserLoader.swift; sourceTree = "<group>"; };
		64FCCC9D2C2D513600678F77 /* UserStore.swift */ = {isa = PBXFileReference; lastKnownFileType = sourcecode.swift; path = UserStore.swift; sourceTree = "<group>"; };
		64FCCCA22C2E55EE00678F77 /* UserStoreSpy.swift */ = {isa = PBXFileReference; lastKnownFileType = sourcecode.swift; path = UserStoreSpy.swift; sourceTree = "<group>"; };
/* End PBXFileReference section */

/* Begin PBXFrameworksBuildPhase section */
		64EB52EE2C1A958F0043D5E6 /* Frameworks */ = {
			isa = PBXFrameworksBuildPhase;
			buildActionMask = 2147483647;
			files = (
				648353282C1AD53F009B4C9B /* GoogleSignIn in Frameworks */,
				6483532A2C1AD53F009B4C9B /* GoogleSignInSwift in Frameworks */,
				6483533B2C1C0EFD009B4C9B /* FacebookLogin in Frameworks */,
			);
			runOnlyForDeploymentPostprocessing = 0;
		};
		64EB53042C1A95900043D5E6 /* Frameworks */ = {
			isa = PBXFrameworksBuildPhase;
			buildActionMask = 2147483647;
			files = (
			);
			runOnlyForDeploymentPostprocessing = 0;
		};
/* End PBXFrameworksBuildPhase section */

/* Begin PBXGroup section */
		648353222C1AD203009B4C9B /* Feature */ = {
			isa = PBXGroup;
			children = (
				6483531D2C1ABFCF009B4C9B /* AuthProvider.swift */,
				648353302C1AE7BF009B4C9B /* LoginViewModel.swift */,
				648353332C1AE9BD009B4C9B /* LogoutProvider.swift */,
				6483531F2C1ACA0F009B4C9B /* User.swift */,
			);
			path = Feature;
			sourceTree = "<group>";
		};
		6483532B2C1ADD39009B4C9B /* Login */ = {
			isa = PBXGroup;
			children = (
				6483532C2C1ADD48009B4C9B /* GSAuthProvider.swift */,
				646F4AD92C200B3400F11FAA /* FBAuthProvider.swift */,
			);
			path = Login;
			sourceTree = "<group>";
		};
		64D264AD2C21258000A180D6 /* Mapper */ = {
			isa = PBXGroup;
			children = (
				64D264AE2C21259F00A180D6 /* FacebookUserMapper.swift */,
			);
			path = Mapper;
			sourceTree = "<group>";
		};
		64D264B82C24059B00A180D6 /* Model */ = {
			isa = PBXGroup;
			children = (
				64D264B92C2405B500A180D6 /* ManagedUser.swift */,
			);
			path = Model;
			sourceTree = "<group>";
		};
		64EB52E82C1A958F0043D5E6 = {
			isa = PBXGroup;
			children = (
				64EB52F32C1A958F0043D5E6 /* FindFood */,
				64EB530A2C1A95900043D5E6 /* FindFoodTests */,
				64EB52F22C1A958F0043D5E6 /* Products */,
			);
			sourceTree = "<group>";
		};
		64EB52F22C1A958F0043D5E6 /* Products */ = {
			isa = PBXGroup;
			children = (
				64EB52F12C1A958F0043D5E6 /* FindFood.app */,
				64EB53072C1A95900043D5E6 /* FindFoodTests.xctest */,
			);
			name = Products;
			sourceTree = "<group>";
		};
		64EB52F32C1A958F0043D5E6 /* FindFood */ = {
			isa = PBXGroup;
			children = (
				64FCCC9A2C2D50D400678F77 /* CoreData */,
				648353382C1C0E56009B4C9B /* FindFood.entitlements */,
				64EB52F42C1A958F0043D5E6 /* AppDelegate.swift */,
				64EB52F62C1A958F0043D5E6 /* SceneDelegate.swift */,
				64EB52F82C1A958F0043D5E6 /* LoginViewController.swift */,
				64D264B02C212E2500A180D6 /* MemberViewController.swift */,
				648353352C1BDECA009B4C9B /* MainTabBarController.swift */,
				64EB52FA2C1A958F0043D5E6 /* Main.storyboard */,
				64EB52FD2C1A95900043D5E6 /* Assets.xcassets */,
				64EB52FF2C1A95900043D5E6 /* LaunchScreen.storyboard */,
				64EB53022C1A95900043D5E6 /* Info.plist */,
				64D264B52C24007C00A180D6 /* UserDataModel.xcdatamodeld */,
				64D264B82C24059B00A180D6 /* Model */,
				648353222C1AD203009B4C9B /* Feature */,
				6483532B2C1ADD39009B4C9B /* Login */,
				64D264AD2C21258000A180D6 /* Mapper */,
			);
			path = FindFood;
			sourceTree = "<group>";
		};
		64EB530A2C1A95900043D5E6 /* FindFoodTests */ = {
			isa = PBXGroup;
			children = (
				64FCCCA42C2E560300678F77 /* Helper */,
				64FCCCA12C2E55DB00678F77 /* Cache */,
			);
			path = FindFoodTests;
			sourceTree = "<group>";
		};
		64FCCC962C2BFA0B00678F77 /* Helper */ = {
			isa = PBXGroup;
			children = (
				64FCCCA22C2E55EE00678F77 /* UserStoreSpy.swift */,
			);
			path = Helper;
			sourceTree = "<group>";
		};
		64FCCC9A2C2D50D400678F77 /* CoreData */ = {
			isa = PBXGroup;
			children = (
				64FCCC9B2C2D510C00678F77 /* LocalUserLoader.swift */,
				64FCCC9D2C2D513600678F77 /* UserStore.swift */,
			);
			path = CoreData;
			sourceTree = "<group>";
		};
		64FCCCA12C2E55DB00678F77 /* Cache */ = {
			isa = PBXGroup;
			children = (
				64FCCC962C2BFA0B00678F77 /* Helper */,
				64EB530B2C1A95900043D5E6 /* CacheUserUseCaseTests.swift */,
			);
			path = Cache;
			sourceTree = "<group>";
		};
		64FCCCA42C2E560300678F77 /* Helper */ = {
			isa = PBXGroup;
			children = (
				64FCCC972C2BFA2800678F77 /* XCTTestCase+MemoryLeakTracking.swift */,
			);
			path = Helper;
			sourceTree = "<group>";
		};
/* End PBXGroup section */

/* Begin PBXNativeTarget section */
		64EB52F02C1A958F0043D5E6 /* FindFood */ = {
			isa = PBXNativeTarget;
			buildConfigurationList = 64EB531B2C1A95900043D5E6 /* Build configuration list for PBXNativeTarget "FindFood" */;
			buildPhases = (
				64EB52ED2C1A958F0043D5E6 /* Sources */,
				64EB52EE2C1A958F0043D5E6 /* Frameworks */,
				64EB52EF2C1A958F0043D5E6 /* Resources */,
			);
			buildRules = (
			);
			dependencies = (
			);
			name = FindFood;
			packageProductDependencies = (
				648353272C1AD53F009B4C9B /* GoogleSignIn */,
				648353292C1AD53F009B4C9B /* GoogleSignInSwift */,
				6483533A2C1C0EFD009B4C9B /* FacebookLogin */,
			);
			productName = FindFood;
			productReference = 64EB52F12C1A958F0043D5E6 /* FindFood.app */;
			productType = "com.apple.product-type.application";
		};
		64EB53062C1A95900043D5E6 /* FindFoodTests */ = {
			isa = PBXNativeTarget;
			buildConfigurationList = 64EB531E2C1A95900043D5E6 /* Build configuration list for PBXNativeTarget "FindFoodTests" */;
			buildPhases = (
				64EB53032C1A95900043D5E6 /* Sources */,
				64EB53042C1A95900043D5E6 /* Frameworks */,
				64EB53052C1A95900043D5E6 /* Resources */,
			);
			buildRules = (
			);
			dependencies = (
				64EB53092C1A95900043D5E6 /* PBXTargetDependency */,
			);
			name = FindFoodTests;
			productName = FindFoodTests;
			productReference = 64EB53072C1A95900043D5E6 /* FindFoodTests.xctest */;
			productType = "com.apple.product-type.bundle.unit-test";
		};
/* End PBXNativeTarget section */

/* Begin PBXProject section */
		64EB52E92C1A958F0043D5E6 /* Project object */ = {
			isa = PBXProject;
			attributes = {
				BuildIndependentTargetsInParallel = 1;
				LastSwiftUpdateCheck = 1530;
				LastUpgradeCheck = 1530;
				TargetAttributes = {
					64EB52F02C1A958F0043D5E6 = {
						CreatedOnToolsVersion = 15.3;
					};
					64EB53062C1A95900043D5E6 = {
						CreatedOnToolsVersion = 15.3;
						TestTargetID = 64EB52F02C1A958F0043D5E6;
					};
				};
			};
			buildConfigurationList = 64EB52EC2C1A958F0043D5E6 /* Build configuration list for PBXProject "FindFood" */;
			compatibilityVersion = "Xcode 14.0";
			developmentRegion = en;
			hasScannedForEncodings = 0;
			knownRegions = (
				en,
				Base,
			);
			mainGroup = 64EB52E82C1A958F0043D5E6;
			packageReferences = (
				648353262C1AD53F009B4C9B /* XCRemoteSwiftPackageReference "GoogleSignIn-iOS" */,
				648353392C1C0EFD009B4C9B /* XCRemoteSwiftPackageReference "facebook-ios-sdk" */,
			);
			productRefGroup = 64EB52F22C1A958F0043D5E6 /* Products */;
			projectDirPath = "";
			projectRoot = "";
			targets = (
				64EB52F02C1A958F0043D5E6 /* FindFood */,
				64EB53062C1A95900043D5E6 /* FindFoodTests */,
			);
		};
/* End PBXProject section */

/* Begin PBXResourcesBuildPhase section */
		64EB52EF2C1A958F0043D5E6 /* Resources */ = {
			isa = PBXResourcesBuildPhase;
			buildActionMask = 2147483647;
			files = (
				64EB52FE2C1A95900043D5E6 /* Assets.xcassets in Resources */,
				64EB53012C1A95900043D5E6 /* Base in Resources */,
				64EB52FC2C1A958F0043D5E6 /* Base in Resources */,
			);
			runOnlyForDeploymentPostprocessing = 0;
		};
		64EB53052C1A95900043D5E6 /* Resources */ = {
			isa = PBXResourcesBuildPhase;
			buildActionMask = 2147483647;
			files = (
			);
			runOnlyForDeploymentPostprocessing = 0;
		};
/* End PBXResourcesBuildPhase section */

/* Begin PBXSourcesBuildPhase section */
		64EB52ED2C1A958F0043D5E6 /* Sources */ = {
			isa = PBXSourcesBuildPhase;
			buildActionMask = 2147483647;
			files = (
				646F4ADA2C200B3400F11FAA /* FBAuthProvider.swift in Sources */,
				64EB52F92C1A958F0043D5E6 /* LoginViewController.swift in Sources */,
				64EB52F52C1A958F0043D5E6 /* AppDelegate.swift in Sources */,
				648353362C1BDECA009B4C9B /* MainTabBarController.swift in Sources */,
				6483531E2C1ABFCF009B4C9B /* AuthProvider.swift in Sources */,
				648353202C1ACA0F009B4C9B /* User.swift in Sources */,
				64FCCC9E2C2D513600678F77 /* UserStore.swift in Sources */,
				648353342C1AE9BD009B4C9B /* LogoutProvider.swift in Sources */,
				6483532D2C1ADD48009B4C9B /* GSAuthProvider.swift in Sources */,
				64D264AF2C21259F00A180D6 /* FacebookUserMapper.swift in Sources */,
				64FCCC9C2C2D510C00678F77 /* LocalUserLoader.swift in Sources */,
				64EB52F72C1A958F0043D5E6 /* SceneDelegate.swift in Sources */,
				64D264B12C212E2500A180D6 /* MemberViewController.swift in Sources */,
				648353312C1AE7BF009B4C9B /* LoginViewModel.swift in Sources */,
				64D264B72C24007C00A180D6 /* UserDataModel.xcdatamodeld in Sources */,
				64D264BA2C2405B500A180D6 /* ManagedUser.swift in Sources */,
			);
			runOnlyForDeploymentPostprocessing = 0;
		};
		64EB53032C1A95900043D5E6 /* Sources */ = {
			isa = PBXSourcesBuildPhase;
			buildActionMask = 2147483647;
			files = (
				64FCCCA32C2E55EE00678F77 /* UserStoreSpy.swift in Sources */,
				64FCCC982C2BFA2800678F77 /* XCTTestCase+MemoryLeakTracking.swift in Sources */,
				64EB530C2C1A95900043D5E6 /* CacheUserUseCaseTests.swift in Sources */,
			);
			runOnlyForDeploymentPostprocessing = 0;
		};
/* End PBXSourcesBuildPhase section */

/* Begin PBXTargetDependency section */
		64EB53092C1A95900043D5E6 /* PBXTargetDependency */ = {
			isa = PBXTargetDependency;
			target = 64EB52F02C1A958F0043D5E6 /* FindFood */;
			targetProxy = 64EB53082C1A95900043D5E6 /* PBXContainerItemProxy */;
		};
/* End PBXTargetDependency section */

/* Begin PBXVariantGroup section */
		64EB52FA2C1A958F0043D5E6 /* Main.storyboard */ = {
			isa = PBXVariantGroup;
			children = (
				64EB52FB2C1A958F0043D5E6 /* Base */,
			);
			name = Main.storyboard;
			sourceTree = "<group>";
		};
		64EB52FF2C1A95900043D5E6 /* LaunchScreen.storyboard */ = {
			isa = PBXVariantGroup;
			children = (
				64EB53002C1A95900043D5E6 /* Base */,
			);
			name = LaunchScreen.storyboard;
			sourceTree = "<group>";
		};
/* End PBXVariantGroup section */

/* Begin XCBuildConfiguration section */
		64EB53192C1A95900043D5E6 /* Debug */ = {
			isa = XCBuildConfiguration;
			buildSettings = {
				ALWAYS_SEARCH_USER_PATHS = NO;
				ASSETCATALOG_COMPILER_GENERATE_SWIFT_ASSET_SYMBOL_EXTENSIONS = YES;
				CLANG_ANALYZER_NONNULL = YES;
				CLANG_ANALYZER_NUMBER_OBJECT_CONVERSION = YES_AGGRESSIVE;
				CLANG_CXX_LANGUAGE_STANDARD = "gnu++20";
				CLANG_ENABLE_MODULES = YES;
				CLANG_ENABLE_OBJC_ARC = YES;
				CLANG_ENABLE_OBJC_WEAK = YES;
				CLANG_WARN_BLOCK_CAPTURE_AUTORELEASING = YES;
				CLANG_WARN_BOOL_CONVERSION = YES;
				CLANG_WARN_COMMA = YES;
				CLANG_WARN_CONSTANT_CONVERSION = YES;
				CLANG_WARN_DEPRECATED_OBJC_IMPLEMENTATIONS = YES;
				CLANG_WARN_DIRECT_OBJC_ISA_USAGE = YES_ERROR;
				CLANG_WARN_DOCUMENTATION_COMMENTS = YES;
				CLANG_WARN_EMPTY_BODY = YES;
				CLANG_WARN_ENUM_CONVERSION = YES;
				CLANG_WARN_INFINITE_RECURSION = YES;
				CLANG_WARN_INT_CONVERSION = YES;
				CLANG_WARN_NON_LITERAL_NULL_CONVERSION = YES;
				CLANG_WARN_OBJC_IMPLICIT_RETAIN_SELF = YES;
				CLANG_WARN_OBJC_LITERAL_CONVERSION = YES;
				CLANG_WARN_OBJC_ROOT_CLASS = YES_ERROR;
				CLANG_WARN_QUOTED_INCLUDE_IN_FRAMEWORK_HEADER = YES;
				CLANG_WARN_RANGE_LOOP_ANALYSIS = YES;
				CLANG_WARN_STRICT_PROTOTYPES = YES;
				CLANG_WARN_SUSPICIOUS_MOVE = YES;
				CLANG_WARN_UNGUARDED_AVAILABILITY = YES_AGGRESSIVE;
				CLANG_WARN_UNREACHABLE_CODE = YES;
				CLANG_WARN__DUPLICATE_METHOD_MATCH = YES;
				COPY_PHASE_STRIP = NO;
				DEBUG_INFORMATION_FORMAT = dwarf;
				ENABLE_STRICT_OBJC_MSGSEND = YES;
				ENABLE_TESTABILITY = YES;
				ENABLE_USER_SCRIPT_SANDBOXING = YES;
				GCC_C_LANGUAGE_STANDARD = gnu17;
				GCC_DYNAMIC_NO_PIC = NO;
				GCC_NO_COMMON_BLOCKS = YES;
				GCC_OPTIMIZATION_LEVEL = 0;
				GCC_PREPROCESSOR_DEFINITIONS = (
					"DEBUG=1",
					"$(inherited)",
				);
				GCC_WARN_64_TO_32_BIT_CONVERSION = YES;
				GCC_WARN_ABOUT_RETURN_TYPE = YES_ERROR;
				GCC_WARN_UNDECLARED_SELECTOR = YES;
				GCC_WARN_UNINITIALIZED_AUTOS = YES_AGGRESSIVE;
				GCC_WARN_UNUSED_FUNCTION = YES;
				GCC_WARN_UNUSED_VARIABLE = YES;
				IPHONEOS_DEPLOYMENT_TARGET = 17.4;
				LOCALIZATION_PREFERS_STRING_CATALOGS = YES;
				MTL_ENABLE_DEBUG_INFO = INCLUDE_SOURCE;
				MTL_FAST_MATH = YES;
				ONLY_ACTIVE_ARCH = YES;
				SDKROOT = iphoneos;
				SWIFT_ACTIVE_COMPILATION_CONDITIONS = "DEBUG $(inherited)";
				SWIFT_OPTIMIZATION_LEVEL = "-Onone";
			};
			name = Debug;
		};
		64EB531A2C1A95900043D5E6 /* Release */ = {
			isa = XCBuildConfiguration;
			buildSettings = {
				ALWAYS_SEARCH_USER_PATHS = NO;
				ASSETCATALOG_COMPILER_GENERATE_SWIFT_ASSET_SYMBOL_EXTENSIONS = YES;
				CLANG_ANALYZER_NONNULL = YES;
				CLANG_ANALYZER_NUMBER_OBJECT_CONVERSION = YES_AGGRESSIVE;
				CLANG_CXX_LANGUAGE_STANDARD = "gnu++20";
				CLANG_ENABLE_MODULES = YES;
				CLANG_ENABLE_OBJC_ARC = YES;
				CLANG_ENABLE_OBJC_WEAK = YES;
				CLANG_WARN_BLOCK_CAPTURE_AUTORELEASING = YES;
				CLANG_WARN_BOOL_CONVERSION = YES;
				CLANG_WARN_COMMA = YES;
				CLANG_WARN_CONSTANT_CONVERSION = YES;
				CLANG_WARN_DEPRECATED_OBJC_IMPLEMENTATIONS = YES;
				CLANG_WARN_DIRECT_OBJC_ISA_USAGE = YES_ERROR;
				CLANG_WARN_DOCUMENTATION_COMMENTS = YES;
				CLANG_WARN_EMPTY_BODY = YES;
				CLANG_WARN_ENUM_CONVERSION = YES;
				CLANG_WARN_INFINITE_RECURSION = YES;
				CLANG_WARN_INT_CONVERSION = YES;
				CLANG_WARN_NON_LITERAL_NULL_CONVERSION = YES;
				CLANG_WARN_OBJC_IMPLICIT_RETAIN_SELF = YES;
				CLANG_WARN_OBJC_LITERAL_CONVERSION = YES;
				CLANG_WARN_OBJC_ROOT_CLASS = YES_ERROR;
				CLANG_WARN_QUOTED_INCLUDE_IN_FRAMEWORK_HEADER = YES;
				CLANG_WARN_RANGE_LOOP_ANALYSIS = YES;
				CLANG_WARN_STRICT_PROTOTYPES = YES;
				CLANG_WARN_SUSPICIOUS_MOVE = YES;
				CLANG_WARN_UNGUARDED_AVAILABILITY = YES_AGGRESSIVE;
				CLANG_WARN_UNREACHABLE_CODE = YES;
				CLANG_WARN__DUPLICATE_METHOD_MATCH = YES;
				COPY_PHASE_STRIP = NO;
				DEBUG_INFORMATION_FORMAT = "dwarf-with-dsym";
				ENABLE_NS_ASSERTIONS = NO;
				ENABLE_STRICT_OBJC_MSGSEND = YES;
				ENABLE_USER_SCRIPT_SANDBOXING = YES;
				GCC_C_LANGUAGE_STANDARD = gnu17;
				GCC_NO_COMMON_BLOCKS = YES;
				GCC_WARN_64_TO_32_BIT_CONVERSION = YES;
				GCC_WARN_ABOUT_RETURN_TYPE = YES_ERROR;
				GCC_WARN_UNDECLARED_SELECTOR = YES;
				GCC_WARN_UNINITIALIZED_AUTOS = YES_AGGRESSIVE;
				GCC_WARN_UNUSED_FUNCTION = YES;
				GCC_WARN_UNUSED_VARIABLE = YES;
				IPHONEOS_DEPLOYMENT_TARGET = 17.4;
				LOCALIZATION_PREFERS_STRING_CATALOGS = YES;
				MTL_ENABLE_DEBUG_INFO = NO;
				MTL_FAST_MATH = YES;
				SDKROOT = iphoneos;
				SWIFT_COMPILATION_MODE = wholemodule;
				VALIDATE_PRODUCT = YES;
			};
			name = Release;
		};
		64EB531C2C1A95900043D5E6 /* Debug */ = {
			isa = XCBuildConfiguration;
			buildSettings = {
				ASSETCATALOG_COMPILER_APPICON_NAME = AppIcon;
				ASSETCATALOG_COMPILER_GLOBAL_ACCENT_COLOR_NAME = AccentColor;
				CODE_SIGN_ENTITLEMENTS = FindFood/FindFood.entitlements;
				CODE_SIGN_STYLE = Automatic;
				CURRENT_PROJECT_VERSION = 1;
				DEVELOPMENT_TEAM = QCS2J62LCS;
				GENERATE_INFOPLIST_FILE = YES;
				INFOPLIST_FILE = FindFood/Info.plist;
				INFOPLIST_KEY_UIApplicationSupportsIndirectInputEvents = YES;
				INFOPLIST_KEY_UILaunchStoryboardName = LaunchScreen;
				INFOPLIST_KEY_UIMainStoryboardFile = Main;
				INFOPLIST_KEY_UISupportedInterfaceOrientations_iPad = "UIInterfaceOrientationPortrait UIInterfaceOrientationPortraitUpsideDown UIInterfaceOrientationLandscapeLeft UIInterfaceOrientationLandscapeRight";
				INFOPLIST_KEY_UISupportedInterfaceOrientations_iPhone = "UIInterfaceOrientationPortrait UIInterfaceOrientationLandscapeLeft UIInterfaceOrientationLandscapeRight";
				LD_RUNPATH_SEARCH_PATHS = (
					"$(inherited)",
					"@executable_path/Frameworks",
				);
				MARKETING_VERSION = 1.0;
				PRODUCT_BUNDLE_IDENTIFIER = liu.tzu.yu.practice.FindFood;
				PRODUCT_NAME = "$(TARGET_NAME)";
				SWIFT_EMIT_LOC_STRINGS = YES;
				SWIFT_VERSION = 5.0;
				TARGETED_DEVICE_FAMILY = "1,2";
			};
			name = Debug;
		};
		64EB531D2C1A95900043D5E6 /* Release */ = {
			isa = XCBuildConfiguration;
			buildSettings = {
				ASSETCATALOG_COMPILER_APPICON_NAME = AppIcon;
				ASSETCATALOG_COMPILER_GLOBAL_ACCENT_COLOR_NAME = AccentColor;
				CODE_SIGN_ENTITLEMENTS = FindFood/FindFood.entitlements;
				CODE_SIGN_STYLE = Automatic;
				CURRENT_PROJECT_VERSION = 1;
				DEVELOPMENT_TEAM = QCS2J62LCS;
				GENERATE_INFOPLIST_FILE = YES;
				INFOPLIST_FILE = FindFood/Info.plist;
				INFOPLIST_KEY_UIApplicationSupportsIndirectInputEvents = YES;
				INFOPLIST_KEY_UILaunchStoryboardName = LaunchScreen;
				INFOPLIST_KEY_UIMainStoryboardFile = Main;
				INFOPLIST_KEY_UISupportedInterfaceOrientations_iPad = "UIInterfaceOrientationPortrait UIInterfaceOrientationPortraitUpsideDown UIInterfaceOrientationLandscapeLeft UIInterfaceOrientationLandscapeRight";
				INFOPLIST_KEY_UISupportedInterfaceOrientations_iPhone = "UIInterfaceOrientationPortrait UIInterfaceOrientationLandscapeLeft UIInterfaceOrientationLandscapeRight";
				LD_RUNPATH_SEARCH_PATHS = (
					"$(inherited)",
					"@executable_path/Frameworks",
				);
				MARKETING_VERSION = 1.0;
				PRODUCT_BUNDLE_IDENTIFIER = liu.tzu.yu.practice.FindFood;
				PRODUCT_NAME = "$(TARGET_NAME)";
				SWIFT_EMIT_LOC_STRINGS = YES;
				SWIFT_VERSION = 5.0;
				TARGETED_DEVICE_FAMILY = "1,2";
			};
			name = Release;
		};
		64EB531F2C1A95900043D5E6 /* Debug */ = {
			isa = XCBuildConfiguration;
			buildSettings = {
				ALWAYS_EMBED_SWIFT_STANDARD_LIBRARIES = YES;
				BUNDLE_LOADER = "$(TEST_HOST)";
				CODE_SIGN_STYLE = Automatic;
				CURRENT_PROJECT_VERSION = 1;
				DEVELOPMENT_TEAM = QCS2J62LCS;
				GENERATE_INFOPLIST_FILE = YES;
				IPHONEOS_DEPLOYMENT_TARGET = 17.4;
				MARKETING_VERSION = 1.0;
				PRODUCT_BUNDLE_IDENTIFIER = liu.tzu.yu.practice.FindFoodTests;
				PRODUCT_NAME = "$(TARGET_NAME)";
				SWIFT_EMIT_LOC_STRINGS = NO;
				SWIFT_VERSION = 5.0;
				TARGETED_DEVICE_FAMILY = "1,2";
				TEST_HOST = "$(BUILT_PRODUCTS_DIR)/FindFood.app/$(BUNDLE_EXECUTABLE_FOLDER_PATH)/FindFood";
			};
			name = Debug;
		};
		64EB53202C1A95900043D5E6 /* Release */ = {
			isa = XCBuildConfiguration;
			buildSettings = {
				ALWAYS_EMBED_SWIFT_STANDARD_LIBRARIES = YES;
				BUNDLE_LOADER = "$(TEST_HOST)";
				CODE_SIGN_STYLE = Automatic;
				CURRENT_PROJECT_VERSION = 1;
				DEVELOPMENT_TEAM = QCS2J62LCS;
				GENERATE_INFOPLIST_FILE = YES;
				IPHONEOS_DEPLOYMENT_TARGET = 17.4;
				MARKETING_VERSION = 1.0;
				PRODUCT_BUNDLE_IDENTIFIER = liu.tzu.yu.practice.FindFoodTests;
				PRODUCT_NAME = "$(TARGET_NAME)";
				SWIFT_EMIT_LOC_STRINGS = NO;
				SWIFT_VERSION = 5.0;
				TARGETED_DEVICE_FAMILY = "1,2";
				TEST_HOST = "$(BUILT_PRODUCTS_DIR)/FindFood.app/$(BUNDLE_EXECUTABLE_FOLDER_PATH)/FindFood";
			};
			name = Release;
		};
/* End XCBuildConfiguration section */

/* Begin XCConfigurationList section */
		64EB52EC2C1A958F0043D5E6 /* Build configuration list for PBXProject "FindFood" */ = {
			isa = XCConfigurationList;
			buildConfigurations = (
				64EB53192C1A95900043D5E6 /* Debug */,
				64EB531A2C1A95900043D5E6 /* Release */,
			);
			defaultConfigurationIsVisible = 0;
			defaultConfigurationName = Release;
		};
		64EB531B2C1A95900043D5E6 /* Build configuration list for PBXNativeTarget "FindFood" */ = {
			isa = XCConfigurationList;
			buildConfigurations = (
				64EB531C2C1A95900043D5E6 /* Debug */,
				64EB531D2C1A95900043D5E6 /* Release */,
			);
			defaultConfigurationIsVisible = 0;
			defaultConfigurationName = Release;
		};
		64EB531E2C1A95900043D5E6 /* Build configuration list for PBXNativeTarget "FindFoodTests" */ = {
			isa = XCConfigurationList;
			buildConfigurations = (
				64EB531F2C1A95900043D5E6 /* Debug */,
				64EB53202C1A95900043D5E6 /* Release */,
			);
			defaultConfigurationIsVisible = 0;
			defaultConfigurationName = Release;
		};
/* End XCConfigurationList section */

/* Begin XCRemoteSwiftPackageReference section */
		648353262C1AD53F009B4C9B /* XCRemoteSwiftPackageReference "GoogleSignIn-iOS" */ = {
			isa = XCRemoteSwiftPackageReference;
			repositoryURL = "https://github.com/google/GoogleSignIn-iOS";
			requirement = {
				kind = exactVersion;
				version = 7.1.0;
			};
		};
		648353392C1C0EFD009B4C9B /* XCRemoteSwiftPackageReference "facebook-ios-sdk" */ = {
			isa = XCRemoteSwiftPackageReference;
			repositoryURL = "https://github.com/facebook/facebook-ios-sdk";
			requirement = {
				kind = upToNextMajorVersion;
				minimumVersion = 14.1.0;
			};
		};
/* End XCRemoteSwiftPackageReference section */

/* Begin XCSwiftPackageProductDependency section */
		648353272C1AD53F009B4C9B /* GoogleSignIn */ = {
			isa = XCSwiftPackageProductDependency;
			package = 648353262C1AD53F009B4C9B /* XCRemoteSwiftPackageReference "GoogleSignIn-iOS" */;
			productName = GoogleSignIn;
		};
		648353292C1AD53F009B4C9B /* GoogleSignInSwift */ = {
			isa = XCSwiftPackageProductDependency;
			package = 648353262C1AD53F009B4C9B /* XCRemoteSwiftPackageReference "GoogleSignIn-iOS" */;
			productName = GoogleSignInSwift;
		};
		6483533A2C1C0EFD009B4C9B /* FacebookLogin */ = {
			isa = XCSwiftPackageProductDependency;
			package = 648353392C1C0EFD009B4C9B /* XCRemoteSwiftPackageReference "facebook-ios-sdk" */;
			productName = FacebookLogin;
		};
/* End XCSwiftPackageProductDependency section */

/* Begin XCVersionGroup section */
		64D264B52C24007C00A180D6 /* UserDataModel.xcdatamodeld */ = {
			isa = XCVersionGroup;
			children = (
				64D264B62C24007C00A180D6 /* UserDataModel.xcdatamodel */,
			);
			currentVersion = 64D264B62C24007C00A180D6 /* UserDataModel.xcdatamodel */;
			path = UserDataModel.xcdatamodeld;
			sourceTree = "<group>";
			versionGroupType = wrapper.xcdatamodel;
		};
/* End XCVersionGroup section */
	};
	rootObject = 64EB52E92C1A958F0043D5E6 /* Project object */;
}
